
Microsoft Visual Studio Solution File, Format Version 12.00
# Visual Studio Version 17
VisualStudioVersion = 17.7.34202.233
MinimumVisualStudioVersion = 10.0.40219.1
Project("{FAE04EC0-301F-11D3-BF4B-00C04F79EFBC}") = "praktikum 1", "praktikum 1.csproj", "{D1162C3F-C7CF-4350-947A-C508F004E2EF}"
EndProject
Global
	GlobalSection(SolutionConfigurationPlatforms) = preSolution
		Debug|Any CPU = Debug|Any CPU
		Release|Any CPU = Release|Any CPU
	EndGlobalSection
	GlobalSection(ProjectConfigurationPlatforms) = postSolution
		{D1162C3F-C7CF-4350-947A-C508F004E2EF}.Debug|Any CPU.ActiveCfg = Debug|Any CPU
		{D1162C3F-C7CF-4350-947A-C508F004E2EF}.Debug|Any CPU.Build.0 = Debug|Any CPU
		{D1162C3F-C7CF-4350-947A-C508F004E2EF}.Release|Any CPU.ActiveCfg = Release|Any CPU
		{D1162C3F-C7CF-4350-947A-C508F004E2EF}.Release|Any CPU.Build.0 = Release|Any CPU
	EndGlobalSection
	GlobalSection(SolutionProperties) = preSolution
		HideSolutionNode = FALSE
	EndGlobalSection
	GlobalSection(ExtensibilityGlobals) = postSolution
		SolutionGuid = {69FEA63A-D2CE-4411-BC36-42277AD620BA}
	EndGlobalSection
EndGlobal
